
Microsoft Visual Studio Solution File, Format Version 12.00
# Visual Studio 14
VisualStudioVersion = 14.0.25420.1
MinimumVisualStudioVersion = 10.0.40219.1
Project("{2150E333-8FDC-42A3-9474-1A3956D46DE8}") = "src", "src", "{5B3A533F-3AF8-4BAB-A7B0-AC1B5B285B4F}"
EndProject
Project("{2150E333-8FDC-42A3-9474-1A3956D46DE8}") = "Solution Items", "Solution Items", "{8907231B-9AF0-4AA6-A726-299BBDD77D59}"
	ProjectSection(SolutionItems) = preProject
		global.json = global.json
		README.MD = README.MD
	EndProjectSection
EndProject
Project("{8BB2217D-0F2D-49D1-97BC-3654ED321F3B}") = "DayCare.Web", "src\DayCare.Web\DayCare.Web.xproj", "{8A2634A3-B32D-4B1D-AA69-3D853318F06C}"
EndProject
Global
	GlobalSection(SolutionConfigurationPlatforms) = preSolution
		Debug|Any CPU = Debug|Any CPU
		Release|Any CPU = Release|Any CPU
	EndGlobalSection
	GlobalSection(ProjectConfigurationPlatforms) = postSolution
		{8A2634A3-B32D-4B1D-AA69-3D853318F06C}.Debug|Any CPU.ActiveCfg = Debug|Any CPU
		{8A2634A3-B32D-4B1D-AA69-3D853318F06C}.Debug|Any CPU.Build.0 = Debug|Any CPU
		{8A2634A3-B32D-4B1D-AA69-3D853318F06C}.Release|Any CPU.ActiveCfg = Release|Any CPU
		{8A2634A3-B32D-4B1D-AA69-3D853318F06C}.Release|Any CPU.Build.0 = Release|Any CPU
	EndGlobalSection
	GlobalSection(SolutionProperties) = preSolution
		HideSolutionNode = FALSE
	EndGlobalSection
	GlobalSection(NestedProjects) = preSolution
		{8A2634A3-B32D-4B1D-AA69-3D853318F06C} = {5B3A533F-3AF8-4BAB-A7B0-AC1B5B285B4F}
	EndGlobalSection
EndGlobal
